Microsoft Visual Studio Solution File, Format Version 12.00
# Visual Studio Version 17
VisualStudioVersion = 17.5.2.0
MinimumVisualStudioVersion = 10.0.40219.1
Project("{FAE04EC0-301F-11D3-BF4B-00C04F79EFBC}") = "cse-210zzl", "cse-210zzl.csproj", "{9E50D2E8-3AEB-65FB-085E-D96971C18443}"
EndProject
Global
	GlobalSection(SolutionConfigurationPlatforms) = preSolution
		Debug|Any CPU = Debug|Any CPU
		Release|Any CPU = Release|Any CPU
	EndGlobalSection
	GlobalSection(ProjectConfigurationPlatforms) = postSolution
		{9E50D2E8-3AEB-65FB-085E-D96971C18443}.Debug|Any CPU.ActiveCfg = Debug|Any CPU
		{9E50D2E8-3AEB-65FB-085E-D96971C18443}.Debug|Any CPU.Build.0 = Debug|Any CPU
		{9E50D2E8-3AEB-65FB-085E-D96971C18443}.Release|Any CPU.ActiveCfg = Release|Any CPU
		{9E50D2E8-3AEB-65FB-085E-D96971C18443}.Release|Any CPU.Build.0 = Release|Any CPU
	EndGlobalSection
	GlobalSection(SolutionProperties) = preSolution
		HideSolutionNode = FALSE
	EndGlobalSection
	GlobalSection(ExtensibilityGlobals) = postSolution
		SolutionGuid = {2C50557A-80F6-4667-86DD-270F2F541CAD}
	EndGlobalSection
EndGlobal
